{
  "_readme": [
    "This file is committed to demonstrate a properly locked non-woo project.",
    "Its presence keeps the missing-composer-lock detector from firing in the non-woo fixture."
  ],
  "content-hash": "abc123",
  "packages": [
    {
      "name": "monolog/monolog",
      "version": "3.0.0"
    },
    {
      "name": "guzzlehttp/guzzle",
      "version": "7.5.0"
    }
  ],
  "aliases": [],
  "minimum-stability": "stable",
  "stability-flags": [],
  "prefer-stable": false,
  "prefer-lowest": false,
  "platform": {},
  "platform-dev": {},
  "plugin-api-version": "2.3.0"
}
